// !$*UTF8*$!
{
	archiveVersion = 1;
	classes = {
	};
	objectVersion = 46;
	objects = {

/* Begin PBXBuildFile section */
		502588DD1745878E0067F080 /* GLUT.framework in Frameworks */ = {isa = PBXBuildFile; fileRef = 502588DC1745878E0067F080 /* GLUT.framework */; };
		5071D6CA1747A1FE009A60D3 /* Progress.cpp in Sources */ = {isa = PBXBuildFile; fileRef = 5007E2571726EE2900D447B8 /* Progress.cpp */; };
		5071D6CB1747A20D009A60D3 /* Stopwatch.cpp in Sources */ = {isa = PBXBuildFile; fileRef = 5007E2591726EE2900D447B8 /* Stopwatch.cpp */; };
		5071D6CC1747A20D009A60D3 /* Timestamp.cpp in Sources */ = {isa = PBXBuildFile; fileRef = 5007E25B1726EE2900D447B8 /* Timestamp.cpp */; };
		5071D6CD1747A20D009A60D3 /* FBO.cpp in Sources */ = {isa = PBXBuildFile; fileRef = 5007E2481726EE1D00D447B8 /* FBO.cpp */; };
		5071D6CE1747A20D009A60D3 /* Primitive.cpp in Sources */ = {isa = PBXBuildFile; fileRef = 5007E24C1726EE1D00D447B8 /* Primitive.cpp */; };
		5071D6CF1747A20D009A60D3 /* BBH.cpp in Sources */ = {isa = PBXBuildFile; fileRef = 5007E2261726EE0F00D447B8 /* BBH.cpp */; };
		5071D6D01747A20D009A60D3 /* Color.cpp in Sources */ = {isa = PBXBuildFile; fileRef = 5007E2291726EE0F00D447B8 /* Color.cpp */; };
		5071D6D11747A20D009A60D3 /* MeshBase.cpp in Sources */ = {isa = PBXBuildFile; fileRef = 5007E2341726EE0F00D447B8 /* MeshBase.cpp */; };
		5071D6D21747A22C009A60D3 /* Obj.cpp in Sources */ = {isa = PBXBuildFile; fileRef = 5007E2361726EE0F00D447B8 /* Obj.cpp */; };
		5071D6D31747A22C009A60D3 /* RGBE.cpp in Sources */ = {isa = PBXBuildFile; fileRef = 5007E2391726EE0F00D447B8 /* RGBE.cpp */; };
		5071D6D41747A22C009A60D3 /* Warp.cpp in Sources */ = {isa = PBXBuildFile; fileRef = 5007E23E1726EE0F00D447B8 /* Warp.cpp */; };
		5071D6E01747A22C009A60D3 /* main.cpp in Sources */ = {isa = PBXBuildFile; fileRef = 50F7B92E1726CFFC003F1FCE /* main.cpp */; };
		5071D6E11747A22C009A60D3 /* PhotonMapper.cpp in Sources */ = {isa = PBXBuildFile; fileRef = 5071D6A817479F4E009A60D3 /* PhotonMapper.cpp */; };
		5071D6E21747A22C009A60D3 /* Window.cpp in Sources */ = {isa = PBXBuildFile; fileRef = 5044526F1726DCA300C4849B /* Window.cpp */; };
		5071D6E31747A22C009A60D3 /* RenderGL.cpp in Sources */ = {isa = PBXBuildFile; fileRef = 502588BE174576960067F080 /* RenderGL.cpp */; };
		5071D6E41747A22C009A60D3 /* SceneLoader.cpp in Sources */ = {isa = PBXBuildFile; fileRef = 502588DE17458BA90067F080 /* SceneLoader.cpp */; };
		5071D71C1747CE0F009A60D3 /* PhotonMap.cpp in Sources */ = {isa = PBXBuildFile; fileRef = 5071D71A1747CE0F009A60D3 /* PhotonMap.cpp */; };
		5071D71F1747CF5A009A60D3 /* PhotonSource.cpp in Sources */ = {isa = PBXBuildFile; fileRef = 5071D71D1747CF5A009A60D3 /* PhotonSource.cpp */; };
		5071D72A1747D0A4009A60D3 /* Light.cpp in Sources */ = {isa = PBXBuildFile; fileRef = 5071D7201747D0A4009A60D3 /* Light.cpp */; };
		5071D72D1747D0A4009A60D3 /* Shape.cpp in Sources */ = {isa = PBXBuildFile; fileRef = 5071D7261747D0A4009A60D3 /* Shape.cpp */; };
		5071D7331747D0CF009A60D3 /* LambertShader.cpp in Sources */ = {isa = PBXBuildFile; fileRef = 5071D72F1747D0CF009A60D3 /* LambertShader.cpp */; };
		5071D7341747D0CF009A60D3 /* SurfaceShader.cpp in Sources */ = {isa = PBXBuildFile; fileRef = 5071D7311747D0CF009A60D3 /* SurfaceShader.cpp */; };
		5071D73F1747D10B009A60D3 /* Camera.cpp in Sources */ = {isa = PBXBuildFile; fileRef = 5071D7351747D10A009A60D3 /* Camera.cpp */; };
		5071D7401747D10B009A60D3 /* HitInfo.cpp in Sources */ = {isa = PBXBuildFile; fileRef = 5071D7371747D10A009A60D3 /* HitInfo.cpp */; };
		5071D7411747D10B009A60D3 /* Ray.cpp in Sources */ = {isa = PBXBuildFile; fileRef = 5071D7391747D10A009A60D3 /* Ray.cpp */; };
		5071D7421747D10B009A60D3 /* Renderer.cpp in Sources */ = {isa = PBXBuildFile; fileRef = 5071D73B1747D10B009A60D3 /* Renderer.cpp */; };
		5071D7431747D10B009A60D3 /* Scene.cpp in Sources */ = {isa = PBXBuildFile; fileRef = 5071D73D1747D10B009A60D3 /* Scene.cpp */; };
		5071D7511747DAF7009A60D3 /* AreaLight.cpp in Sources */ = {isa = PBXBuildFile; fileRef = 5071D74B1747DAF7009A60D3 /* AreaLight.cpp */; };
		5071D7521747DAF7009A60D3 /* IsotropicPointLight.cpp in Sources */ = {isa = PBXBuildFile; fileRef = 5071D74D1747DAF7009A60D3 /* IsotropicPointLight.cpp */; };
		5071D7531747DAF7009A60D3 /* PointLight.cpp in Sources */ = {isa = PBXBuildFile; fileRef = 5071D74F1747DAF7009A60D3 /* PointLight.cpp */; };
		5071D7591747DB1C009A60D3 /* Mesh.cpp in Sources */ = {isa = PBXBuildFile; fileRef = 5071D7551747DB1C009A60D3 /* Mesh.cpp */; };
		5071D75A1747DB1C009A60D3 /* Sphere.cpp in Sources */ = {isa = PBXBuildFile; fileRef = 5071D7571747DB1C009A60D3 /* Sphere.cpp */; };
		5071D75F1747DE07009A60D3 /* SpecularDielectricShader.cpp in Sources */ = {isa = PBXBuildFile; fileRef = 5071D75B1747DE07009A60D3 /* SpecularDielectricShader.cpp */; };
		5071D7601747DE07009A60D3 /* SpecularMirrorShader.cpp in Sources */ = {isa = PBXBuildFile; fileRef = 5071D75D1747DE07009A60D3 /* SpecularMirrorShader.cpp */; };
		50F7B9311726CFFC003F1FCE /* RaytracerV3.1 in CopyFiles */ = {isa = PBXBuildFile; fileRef = 50F7B9301726CFFC003F1FCE /* RaytracerV3.1 */; };
		50F7B9381726D0C0003F1FCE /* libglfw.dylib in Frameworks */ = {isa = PBXBuildFile; fileRef = 50F7B9371726D0C0003F1FCE /* libglfw.dylib */; };
		50F7B93C1726D1C8003F1FCE /* Cocoa.framework in Frameworks */ = {isa = PBXBuildFile; fileRef = 50F7B93B1726D1C8003F1FCE /* Cocoa.framework */; };
		50F7B93E1726D1CE003F1FCE /* OpenGL.framework in Frameworks */ = {isa = PBXBuildFile; fileRef = 50F7B93D1726D1CE003F1FCE /* OpenGL.framework */; };
/* End PBXBuildFile section */

/* Begin PBXCopyFilesBuildPhase section */
		50F7B9291726CFFC003F1FCE /* CopyFiles */ = {
			isa = PBXCopyFilesBuildPhase;
			buildActionMask = 2147483647;
			dstPath = /usr/share/man/man1/;
			dstSubfolderSpec = 0;
			files = (
				50F7B9311726CFFC003F1FCE /* RaytracerV3.1 in CopyFiles */,
			);
			runOnlyForDeploymentPostprocessing = 1;
		};
/* End PBXCopyFilesBuildPhase section */

/* Begin PBXFileReference section */
		5007E2261726EE0F00D447B8 /* BBH.cpp */ = {isa = PBXFileReference; fileEncoding = 4; lastKnownFileType = sourcecode.cpp.cpp; path = BBH.cpp; sourceTree = "<group>"; };
		5007E2271726EE0F00D447B8 /* BBH.h */ = {isa = PBXFileReference; fileEncoding = 4; lastKnownFileType = sourcecode.c.h; path = BBH.h; sourceTree = "<group>"; };
		5007E2281726EE0F00D447B8 /* Box.h */ = {isa = PBXFileReference; fileEncoding = 4; lastKnownFileType = sourcecode.c.h; path = Box.h; sourceTree = "<group>"; };
		5007E2291726EE0F00D447B8 /* Color.cpp */ = {isa = PBXFileReference; fileEncoding = 4; lastKnownFileType = sourcecode.cpp.cpp; path = Color.cpp; sourceTree = "<group>"; };
		5007E22A1726EE0F00D447B8 /* Color.h */ = {isa = PBXFileReference; fileEncoding = 4; lastKnownFileType = sourcecode.c.h; path = Color.h; sourceTree = "<group>"; };
		5007E22B1726EE0F00D447B8 /* Core.h */ = {isa = PBXFileReference; fileEncoding = 4; lastKnownFileType = sourcecode.c.h; path = Core.h; sourceTree = "<group>"; };
		5007E22C1726EE0F00D447B8 /* FastMath.h */ = {isa = PBXFileReference; fileEncoding = 4; lastKnownFileType = sourcecode.c.h; path = FastMath.h; sourceTree = "<group>"; };
		5007E22D1726EE0F00D447B8 /* Fwd.h */ = {isa = PBXFileReference; fileEncoding = 4; lastKnownFileType = sourcecode.c.h; path = Fwd.h; sourceTree = "<group>"; };
		5007E22E1726EE0F00D447B8 /* LimitsT.h */ = {isa = PBXFileReference; fileEncoding = 4; lastKnownFileType = sourcecode.c.h; path = LimitsT.h; sourceTree = "<group>"; };
		5007E22F1726EE0F00D447B8 /* Line.h */ = {isa = PBXFileReference; fileEncoding = 4; lastKnownFileType = sourcecode.c.h; path = Line.h; sourceTree = "<group>"; };
		5007E2301726EE0F00D447B8 /* LineAlgo.h */ = {isa = PBXFileReference; fileEncoding = 4; lastKnownFileType = sourcecode.c.h; path = LineAlgo.h; sourceTree = "<group>"; };
		5007E2311726EE0F00D447B8 /* Mat44.h */ = {isa = PBXFileReference; fileEncoding = 4; lastKnownFileType = sourcecode.c.h; path = Mat44.h; sourceTree = "<group>"; };
		5007E2321726EE0F00D447B8 /* MathGL.h */ = {isa = PBXFileReference; fileEncoding = 4; lastKnownFileType = sourcecode.c.h; path = MathGL.h; sourceTree = "<group>"; };
		5007E2331726EE0F00D447B8 /* MathT.h */ = {isa = PBXFileReference; fileEncoding = 4; lastKnownFileType = sourcecode.c.h; path = MathT.h; sourceTree = "<group>"; };
		5007E2341726EE0F00D447B8 /* MeshBase.cpp */ = {isa = PBXFileReference; fileEncoding = 4; lastKnownFileType = sourcecode.cpp.cpp; path = MeshBase.cpp; sourceTree = "<group>"; };
		5007E2351726EE0F00D447B8 /* MeshBase.h */ = {isa = PBXFileReference; fileEncoding = 4; lastKnownFileType = sourcecode.c.h; path = MeshBase.h; sourceTree = "<group>"; };
		5007E2361726EE0F00D447B8 /* Obj.cpp */ = {isa = PBXFileReference; fileEncoding = 4; lastKnownFileType = sourcecode.cpp.cpp; path = Obj.cpp; sourceTree = "<group>"; };
		5007E2371726EE0F00D447B8 /* Obj.h */ = {isa = PBXFileReference; fileEncoding = 4; lastKnownFileType = sourcecode.c.h; path = Obj.h; sourceTree = "<group>"; };
		5007E2381726EE0F00D447B8 /* Rand.h */ = {isa = PBXFileReference; fileEncoding = 4; lastKnownFileType = sourcecode.c.h; path = Rand.h; sourceTree = "<group>"; };
		5007E2391726EE0F00D447B8 /* RGBE.cpp */ = {isa = PBXFileReference; fileEncoding = 4; lastKnownFileType = sourcecode.cpp.cpp; path = RGBE.cpp; sourceTree = "<group>"; };
		5007E23A1726EE0F00D447B8 /* RGBE.h */ = {isa = PBXFileReference; fileEncoding = 4; lastKnownFileType = sourcecode.c.h; path = RGBE.h; sourceTree = "<group>"; };
		5007E23B1726EE0F00D447B8 /* Vec2.h */ = {isa = PBXFileReference; fileEncoding = 4; lastKnownFileType = sourcecode.c.h; path = Vec2.h; sourceTree = "<group>"; };
		5007E23C1726EE0F00D447B8 /* Vec3.h */ = {isa = PBXFileReference; fileEncoding = 4; lastKnownFileType = sourcecode.c.h; path = Vec3.h; sourceTree = "<group>"; };
		5007E23D1726EE0F00D447B8 /* Vec4.h */ = {isa = PBXFileReference; fileEncoding = 4; lastKnownFileType = sourcecode.c.h; path = Vec4.h; sourceTree = "<group>"; };
		5007E23E1726EE0F00D447B8 /* Warp.cpp */ = {isa = PBXFileReference; fileEncoding = 4; lastKnownFileType = sourcecode.cpp.cpp; path = Warp.cpp; sourceTree = "<group>"; };
		5007E23F1726EE0F00D447B8 /* Warp.h */ = {isa = PBXFileReference; fileEncoding = 4; lastKnownFileType = sourcecode.c.h; path = Warp.h; sourceTree = "<group>"; };
		5007E2471726EE1D00D447B8 /* core.h */ = {isa = PBXFileReference; fileEncoding = 4; lastKnownFileType = sourcecode.c.h; path = core.h; sourceTree = "<group>"; };
		5007E2481726EE1D00D447B8 /* FBO.cpp */ = {isa = PBXFileReference; fileEncoding = 4; lastKnownFileType = sourcecode.cpp.cpp; path = FBO.cpp; sourceTree = "<group>"; };
		5007E2491726EE1D00D447B8 /* FBO.h */ = {isa = PBXFileReference; fileEncoding = 4; lastKnownFileType = sourcecode.c.h; path = FBO.h; sourceTree = "<group>"; };
		5007E24C1726EE1D00D447B8 /* Primitive.cpp */ = {isa = PBXFileReference; fileEncoding = 4; lastKnownFileType = sourcecode.cpp.cpp; path = Primitive.cpp; sourceTree = "<group>"; };
		5007E24D1726EE1D00D447B8 /* Primitive.h */ = {isa = PBXFileReference; fileEncoding = 4; lastKnownFileType = sourcecode.c.h; path = Primitive.h; sourceTree = "<group>"; };
		5007E2551726EE2900D447B8 /* config.h */ = {isa = PBXFileReference; fileEncoding = 4; lastKnownFileType = sourcecode.c.h; path = config.h; sourceTree = "<group>"; };
		5007E2561726EE2900D447B8 /* Fwd.h */ = {isa = PBXFileReference; fileEncoding = 4; lastKnownFileType = sourcecode.c.h; path = Fwd.h; sourceTree = "<group>"; };
		5007E2571726EE2900D447B8 /* Progress.cpp */ = {isa = PBXFileReference; fileEncoding = 4; lastKnownFileType = sourcecode.cpp.cpp; path = Progress.cpp; sourceTree = "<group>"; };
		5007E2581726EE2900D447B8 /* Progress.h */ = {isa = PBXFileReference; fileEncoding = 4; lastKnownFileType = sourcecode.c.h; path = Progress.h; sourceTree = "<group>"; };
		5007E2591726EE2900D447B8 /* Stopwatch.cpp */ = {isa = PBXFileReference; fileEncoding = 4; lastKnownFileType = sourcecode.cpp.cpp; path = Stopwatch.cpp; sourceTree = "<group>"; };
		5007E25A1726EE2900D447B8 /* Stopwatch.h */ = {isa = PBXFileReference; fileEncoding = 4; lastKnownFileType = sourcecode.c.h; path = Stopwatch.h; sourceTree = "<group>"; };
		5007E25B1726EE2900D447B8 /* Timestamp.cpp */ = {isa = PBXFileReference; fileEncoding = 4; lastKnownFileType = sourcecode.cpp.cpp; path = Timestamp.cpp; sourceTree = "<group>"; };
		5007E25C1726EE2900D447B8 /* Timestamp.h */ = {isa = PBXFileReference; fileEncoding = 4; lastKnownFileType = sourcecode.c.h; path = Timestamp.h; sourceTree = "<group>"; };
		5007E25D1726EE2900D447B8 /* Types.h */ = {isa = PBXFileReference; fileEncoding = 4; lastKnownFileType = sourcecode.c.h; path = Types.h; sourceTree = "<group>"; };
		502588BE174576960067F080 /* RenderGL.cpp */ = {isa = PBXFileReference; fileEncoding = 4; lastKnownFileType = sourcecode.cpp.cpp; path = RenderGL.cpp; sourceTree = "<group>"; };
		502588BF174576960067F080 /* RenderGL.h */ = {isa = PBXFileReference; fileEncoding = 4; lastKnownFileType = sourcecode.c.h; path = RenderGL.h; sourceTree = "<group>"; };
		502588DC1745878E0067F080 /* GLUT.framework */ = {isa = PBXFileReference; lastKnownFileType = wrapper.framework; name = GLUT.framework; path = System/Library/Frameworks/GLUT.framework; sourceTree = SDKROOT; };
		502588DE17458BA90067F080 /* SceneLoader.cpp */ = {isa = PBXFileReference; fileEncoding = 4; lastKnownFileType = sourcecode.cpp.cpp; path = SceneLoader.cpp; sourceTree = "<group>"; };
		502588DF17458BA90067F080 /* SceneLoader.h */ = {isa = PBXFileReference; fileEncoding = 4; lastKnownFileType = sourcecode.c.h; path = SceneLoader.h; sourceTree = "<group>"; };
		5044526F1726DCA300C4849B /* Window.cpp */ = {isa = PBXFileReference; fileEncoding = 4; lastKnownFileType = sourcecode.cpp.cpp; path = Window.cpp; sourceTree = "<group>"; };
		504452701726DCA300C4849B /* Window.h */ = {isa = PBXFileReference; fileEncoding = 4; lastKnownFileType = sourcecode.c.h; path = Window.h; sourceTree = "<group>"; };
		5071D6A817479F4E009A60D3 /* PhotonMapper.cpp */ = {isa = PBXFileReference; fileEncoding = 4; lastKnownFileType = sourcecode.cpp.cpp; path = PhotonMapper.cpp; sourceTree = "<group>"; };
		5071D6A917479F4E009A60D3 /* PhotonMapper.h */ = {isa = PBXFileReference; fileEncoding = 4; lastKnownFileType = sourcecode.c.h; path = PhotonMapper.h; sourceTree = "<group>"; };
		5071D7121747AC90009A60D3 /* Array1D.h */ = {isa = PBXFileReference; fileEncoding = 4; lastKnownFileType = sourcecode.c.h; path = Array1D.h; sourceTree = "<group>"; };
		5071D7131747AC90009A60D3 /* Array2D.h */ = {isa = PBXFileReference; fileEncoding = 4; lastKnownFileType = sourcecode.c.h; path = Array2D.h; sourceTree = "<group>"; };
		5071D7141747AC90009A60D3 /* Array3D.h */ = {isa = PBXFileReference; fileEncoding = 4; lastKnownFileType = sourcecode.c.h; path = Array3D.h; sourceTree = "<group>"; };
		5071D7151747AC90009A60D3 /* Array4D.h */ = {isa = PBXFileReference; fileEncoding = 4; lastKnownFileType = sourcecode.c.h; path = Array4D.h; sourceTree = "<group>"; };
		5071D7161747AC90009A60D3 /* Fwd.h */ = {isa = PBXFileReference; fileEncoding = 4; lastKnownFileType = sourcecode.c.h; path = Fwd.h; sourceTree = "<group>"; };
		5071D71A1747CE0F009A60D3 /* PhotonMap.cpp */ = {isa = PBXFileReference; fileEncoding = 4; lastKnownFileType = sourcecode.cpp.cpp; path = PhotonMap.cpp; sourceTree = "<group>"; };
		5071D71B1747CE0F009A60D3 /* PhotonMap.h */ = {isa = PBXFileReference; fileEncoding = 4; lastKnownFileType = sourcecode.c.h; path = PhotonMap.h; sourceTree = "<group>"; };
		5071D71D1747CF5A009A60D3 /* PhotonSource.cpp */ = {isa = PBXFileReference; fileEncoding = 4; lastKnownFileType = sourcecode.cpp.cpp; path = PhotonSource.cpp; sourceTree = "<group>"; };
		5071D71E1747CF5A009A60D3 /* PhotonSource.h */ = {isa = PBXFileReference; fileEncoding = 4; lastKnownFileType = sourcecode.c.h; path = PhotonSource.h; sourceTree = "<group>"; };
		5071D7201747D0A4009A60D3 /* Light.cpp */ = {isa = PBXFileReference; fileEncoding = 4; lastKnownFileType = sourcecode.cpp.cpp; name = Light.cpp; path = Primitives/Light.cpp; sourceTree = "<group>"; };
		5071D7211747D0A4009A60D3 /* Light.h */ = {isa = PBXFileReference; fileEncoding = 4; lastKnownFileType = sourcecode.c.h; name = Light.h; path = Primitives/Light.h; sourceTree = "<group>"; };
		5071D7261747D0A4009A60D3 /* Shape.cpp */ = {isa = PBXFileReference; fileEncoding = 4; lastKnownFileType = sourcecode.cpp.cpp; name = Shape.cpp; path = Primitives/Shape.cpp; sourceTree = "<group>"; };
		5071D7271747D0A4009A60D3 /* Shape.h */ = {isa = PBXFileReference; fileEncoding = 4; lastKnownFileType = sourcecode.c.h; name = Shape.h; path = Primitives/Shape.h; sourceTree = "<group>"; };
		5071D72F1747D0CF009A60D3 /* LambertShader.cpp */ = {isa = PBXFileReference; fileEncoding = 4; lastKnownFileType = sourcecode.cpp.cpp; name = LambertShader.cpp; path = Shaders/LambertShader.cpp; sourceTree = "<group>"; };
		5071D7301747D0CF009A60D3 /* LambertShader.h */ = {isa = PBXFileReference; fileEncoding = 4; lastKnownFileType = sourcecode.c.h; name = LambertShader.h; path = Shaders/LambertShader.h; sourceTree = "<group>"; };
		5071D7311747D0CF009A60D3 /* SurfaceShader.cpp */ = {isa = PBXFileReference; fileEncoding = 4; lastKnownFileType = sourcecode.cpp.cpp; name = SurfaceShader.cpp; path = Shaders/SurfaceShader.cpp; sourceTree = "<group>"; };
		5071D7321747D0CF009A60D3 /* SurfaceShader.h */ = {isa = PBXFileReference; fileEncoding = 4; lastKnownFileType = sourcecode.c.h; name = SurfaceShader.h; path = Shaders/SurfaceShader.h; sourceTree = "<group>"; };
		5071D7351747D10A009A60D3 /* Camera.cpp */ = {isa = PBXFileReference; fileEncoding = 4; lastKnownFileType = sourcecode.cpp.cpp; path = Camera.cpp; sourceTree = "<group>"; };
		5071D7361747D10A009A60D3 /* Camera.h */ = {isa = PBXFileReference; fileEncoding = 4; lastKnownFileType = sourcecode.c.h; path = Camera.h; sourceTree = "<group>"; };
		5071D7371747D10A009A60D3 /* HitInfo.cpp */ = {isa = PBXFileReference; fileEncoding = 4; lastKnownFileType = sourcecode.cpp.cpp; path = HitInfo.cpp; sourceTree = "<group>"; };
		5071D7381747D10A009A60D3 /* HitInfo.h */ = {isa = PBXFileReference; fileEncoding = 4; lastKnownFileType = sourcecode.c.h; path = HitInfo.h; sourceTree = "<group>"; };
		5071D7391747D10A009A60D3 /* Ray.cpp */ = {isa = PBXFileReference; fileEncoding = 4; lastKnownFileType = sourcecode.cpp.cpp; path = Ray.cpp; sourceTree = "<group>"; };
		5071D73A1747D10A009A60D3 /* Ray.h */ = {isa = PBXFileReference; fileEncoding = 4; lastKnownFileType = sourcecode.c.h; path = Ray.h; sourceTree = "<group>"; };
		5071D73B1747D10B009A60D3 /* Renderer.cpp */ = {isa = PBXFileReference; fileEncoding = 4; lastKnownFileType = sourcecode.cpp.cpp; path = Renderer.cpp; sourceTree = "<group>"; };
		5071D73C1747D10B009A60D3 /* Renderer.h */ = {isa = PBXFileReference; fileEncoding = 4; lastKnownFileType = sourcecode.c.h; path = Renderer.h; sourceTree = "<group>"; };
		5071D73D1747D10B009A60D3 /* Scene.cpp */ = {isa = PBXFileReference; fileEncoding = 4; lastKnownFileType = sourcecode.cpp.cpp; path = Scene.cpp; sourceTree = "<group>"; };
		5071D73E1747D10B009A60D3 /* Scene.h */ = {isa = PBXFileReference; fileEncoding = 4; lastKnownFileType = sourcecode.c.h; path = Scene.h; sourceTree = "<group>"; };
		5071D74B1747DAF7009A60D3 /* AreaLight.cpp */ = {isa = PBXFileReference; fileEncoding = 4; lastKnownFileType = sourcecode.cpp.cpp; name = AreaLight.cpp; path = Primitives/Lights/AreaLight.cpp; sourceTree = "<group>"; };
		5071D74C1747DAF7009A60D3 /* AreaLight.h */ = {isa = PBXFileReference; fileEncoding = 4; lastKnownFileType = sourcecode.c.h; name = AreaLight.h; path = Primitives/Lights/AreaLight.h; sourceTree = "<group>"; };
		5071D74D1747DAF7009A60D3 /* IsotropicPointLight.cpp */ = {isa = PBXFileReference; fileEncoding = 4; lastKnownFileType = sourcecode.cpp.cpp; name = IsotropicPointLight.cpp; path = Primitives/Lights/IsotropicPointLight.cpp; sourceTree = "<group>"; };
		5071D74E1747DAF7009A60D3 /* IsotropicPointLight.h */ = {isa = PBXFileReference; fileEncoding = 4; lastKnownFileType = sourcecode.c.h; name = IsotropicPointLight.h; path = Primitives/Lights/IsotropicPointLight.h; sourceTree = "<group>"; };
		5071D74F1747DAF7009A60D3 /* PointLight.cpp */ = {isa = PBXFileReference; fileEncoding = 4; lastKnownFileType = sourcecode.cpp.cpp; name = PointLight.cpp; path = Primitives/Lights/PointLight.cpp; sourceTree = "<group>"; };
		5071D7501747DAF7009A60D3 /* PointLight.h */ = {isa = PBXFileReference; fileEncoding = 4; lastKnownFileType = sourcecode.c.h; name = PointLight.h; path = Primitives/Lights/PointLight.h; sourceTree = "<group>"; };
		5071D7551747DB1C009A60D3 /* Mesh.cpp */ = {isa = PBXFileReference; fileEncoding = 4; lastKnownFileType = sourcecode.cpp.cpp; name = Mesh.cpp; path = Primitives/Shapes/Mesh.cpp; sourceTree = "<group>"; };
		5071D7561747DB1C009A60D3 /* Mesh.h */ = {isa = PBXFileReference; fileEncoding = 4; lastKnownFileType = sourcecode.c.h; name = Mesh.h; path = Primitives/Shapes/Mesh.h; sourceTree = "<group>"; };
		5071D7571747DB1C009A60D3 /* Sphere.cpp */ = {isa = PBXFileReference; fileEncoding = 4; lastKnownFileType = sourcecode.cpp.cpp; name = Sphere.cpp; path = Primitives/Shapes/Sphere.cpp; sourceTree = "<group>"; };
		5071D7581747DB1C009A60D3 /* Sphere.h */ = {isa = PBXFileReference; fileEncoding = 4; lastKnownFileType = sourcecode.c.h; name = Sphere.h; path = Primitives/Shapes/Sphere.h; sourceTree = "<group>"; };
		5071D75B1747DE07009A60D3 /* SpecularDielectricShader.cpp */ = {isa = PBXFileReference; fileEncoding = 4; lastKnownFileType = sourcecode.cpp.cpp; name = SpecularDielectricShader.cpp; path = Shaders/SpecularDielectricShader.cpp; sourceTree = "<group>"; };
		5071D75C1747DE07009A60D3 /* SpecularDielectricShader.h */ = {isa = PBXFileReference; fileEncoding = 4; lastKnownFileType = sourcecode.c.h; name = SpecularDielectricShader.h; path = Shaders/SpecularDielectricShader.h; sourceTree = "<group>"; };
		5071D75D1747DE07009A60D3 /* SpecularMirrorShader.cpp */ = {isa = PBXFileReference; fileEncoding = 4; lastKnownFileType = sourcecode.cpp.cpp; name = SpecularMirrorShader.cpp; path = Shaders/SpecularMirrorShader.cpp; sourceTree = "<group>"; };
		5071D75E1747DE07009A60D3 /* SpecularMirrorShader.h */ = {isa = PBXFileReference; fileEncoding = 4; lastKnownFileType = sourcecode.c.h; name = SpecularMirrorShader.h; path = Shaders/SpecularMirrorShader.h; sourceTree = "<group>"; };
		50F7B92B1726CFFC003F1FCE /* RaytracerV3 */ = {isa = PBXFileReference; explicitFileType = "compiled.mach-o.executable"; includeInIndex = 0; path = RaytracerV3; sourceTree = BUILT_PRODUCTS_DIR; };
		50F7B92E1726CFFC003F1FCE /* main.cpp */ = {isa = PBXFileReference; lastKnownFileType = sourcecode.cpp.cpp; path = main.cpp; sourceTree = "<group>"; };
		50F7B9301726CFFC003F1FCE /* RaytracerV3.1 */ = {isa = PBXFileReference; lastKnownFileType = text.man; path = RaytracerV3.1; sourceTree = "<group>"; };
		50F7B9371726D0C0003F1FCE /* libglfw.dylib */ = {isa = PBXFileReference; lastKnownFileType = "compiled.mach-o.dylib"; name = libglfw.dylib; path = /usr/local/Cellar/glfw/2.7.7/lib/libglfw.dylib; sourceTree = "<absolute>"; };
		50F7B93A1726D0EB003F1FCE /* platform_includes.h */ = {isa = PBXFileReference; fileEncoding = 4; lastKnownFileType = sourcecode.c.h; path = platform_includes.h; sourceTree = "<group>"; };
		50F7B93B1726D1C8003F1FCE /* Cocoa.framework */ = {isa = PBXFileReference; lastKnownFileType = wrapper.framework; name = Cocoa.framework; path = System/Library/Frameworks/Cocoa.framework; sourceTree = SDKROOT; };
		50F7B93D1726D1CE003F1FCE /* OpenGL.framework */ = {isa = PBXFileReference; lastKnownFileType = wrapper.framework; name = OpenGL.framework; path = System/Library/Frameworks/OpenGL.framework; sourceTree = SDKROOT; };
/* End PBXFileReference section */

/* Begin PBXFrameworksBuildPhase section */
		50F7B9281726CFFC003F1FCE /* Frameworks */ = {
			isa = PBXFrameworksBuildPhase;
			buildActionMask = 2147483647;
			files = (
				502588DD1745878E0067F080 /* GLUT.framework in Frameworks */,
				50F7B93E1726D1CE003F1FCE /* OpenGL.framework in Frameworks */,
				50F7B93C1726D1C8003F1FCE /* Cocoa.framework in Frameworks */,
				50F7B9381726D0C0003F1FCE /* libglfw.dylib in Frameworks */,
			);
			runOnlyForDeploymentPostprocessing = 0;
		};
/* End PBXFrameworksBuildPhase section */

/* Begin PBXGroup section */
		5007E2211726EE0800D447B8 /* Core */ = {
			isa = PBXGroup;
			children = (
				5071D7101747A769009A60D3 /* Primitives */,
				5071D70F1747A758009A60D3 /* Shaders */,
				5071D7351747D10A009A60D3 /* Camera.cpp */,
				5071D7361747D10A009A60D3 /* Camera.h */,
				5071D7371747D10A009A60D3 /* HitInfo.cpp */,
				5071D7381747D10A009A60D3 /* HitInfo.h */,
				5071D71A1747CE0F009A60D3 /* PhotonMap.cpp */,
				5071D71B1747CE0F009A60D3 /* PhotonMap.h */,
				5071D71D1747CF5A009A60D3 /* PhotonSource.cpp */,
				5071D71E1747CF5A009A60D3 /* PhotonSource.h */,
				5071D7391747D10A009A60D3 /* Ray.cpp */,
				5071D73A1747D10A009A60D3 /* Ray.h */,
				5071D73B1747D10B009A60D3 /* Renderer.cpp */,
				5071D73C1747D10B009A60D3 /* Renderer.h */,
				5071D73D1747D10B009A60D3 /* Scene.cpp */,
				5071D73E1747D10B009A60D3 /* Scene.h */,
			);
			path = Core;
			sourceTree = "<group>";
		};
		5007E2251726EE0F00D447B8 /* Math */ = {
			isa = PBXGroup;
			children = (
				5007E2261726EE0F00D447B8 /* BBH.cpp */,
				5007E2271726EE0F00D447B8 /* BBH.h */,
				5007E2281726EE0F00D447B8 /* Box.h */,
				5007E2291726EE0F00D447B8 /* Color.cpp */,
				5007E22A1726EE0F00D447B8 /* Color.h */,
				5007E22B1726EE0F00D447B8 /* Core.h */,
				5007E22C1726EE0F00D447B8 /* FastMath.h */,
				5007E22D1726EE0F00D447B8 /* Fwd.h */,
				5007E22E1726EE0F00D447B8 /* LimitsT.h */,
				5007E22F1726EE0F00D447B8 /* Line.h */,
				5007E2301726EE0F00D447B8 /* LineAlgo.h */,
				5007E2311726EE0F00D447B8 /* Mat44.h */,
				5007E2321726EE0F00D447B8 /* MathGL.h */,
				5007E2331726EE0F00D447B8 /* MathT.h */,
				5007E2341726EE0F00D447B8 /* MeshBase.cpp */,
				5007E2351726EE0F00D447B8 /* MeshBase.h */,
				5007E2361726EE0F00D447B8 /* Obj.cpp */,
				5007E2371726EE0F00D447B8 /* Obj.h */,
				5007E2381726EE0F00D447B8 /* Rand.h */,
				5007E2391726EE0F00D447B8 /* RGBE.cpp */,
				5007E23A1726EE0F00D447B8 /* RGBE.h */,
				5007E23B1726EE0F00D447B8 /* Vec2.h */,
				5007E23C1726EE0F00D447B8 /* Vec3.h */,
				5007E23D1726EE0F00D447B8 /* Vec4.h */,
				5007E23E1726EE0F00D447B8 /* Warp.cpp */,
				5007E23F1726EE0F00D447B8 /* Warp.h */,
			);
			path = Math;
			sourceTree = "<group>";
		};
		5007E2461726EE1D00D447B8 /* OGL */ = {
			isa = PBXGroup;
			children = (
				5007E2471726EE1D00D447B8 /* core.h */,
				5007E2481726EE1D00D447B8 /* FBO.cpp */,
				5007E2491726EE1D00D447B8 /* FBO.h */,
				5007E24C1726EE1D00D447B8 /* Primitive.cpp */,
				5007E24D1726EE1D00D447B8 /* Primitive.h */,
			);
			path = OGL;
			sourceTree = "<group>";
		};
		5007E2541726EE2900D447B8 /* Platform */ = {
			isa = PBXGroup;
			children = (
				5007E2551726EE2900D447B8 /* config.h */,
				5007E2561726EE2900D447B8 /* Fwd.h */,
				5007E2571726EE2900D447B8 /* Progress.cpp */,
				5007E2581726EE2900D447B8 /* Progress.h */,
				5007E2591726EE2900D447B8 /* Stopwatch.cpp */,
				5007E25A1726EE2900D447B8 /* Stopwatch.h */,
				5007E25B1726EE2900D447B8 /* Timestamp.cpp */,
				5007E25C1726EE2900D447B8 /* Timestamp.h */,
				5007E25D1726EE2900D447B8 /* Types.h */,
			);
			path = Platform;
			sourceTree = "<group>";
		};
		5071D70F1747A758009A60D3 /* Shaders */ = {
			isa = PBXGroup;
			children = (
				5071D75B1747DE07009A60D3 /* SpecularDielectricShader.cpp */,
				5071D75C1747DE07009A60D3 /* SpecularDielectricShader.h */,
				5071D75D1747DE07009A60D3 /* SpecularMirrorShader.cpp */,
				5071D75E1747DE07009A60D3 /* SpecularMirrorShader.h */,
				5071D72F1747D0CF009A60D3 /* LambertShader.cpp */,
				5071D7301747D0CF009A60D3 /* LambertShader.h */,
				5071D7311747D0CF009A60D3 /* SurfaceShader.cpp */,
				5071D7321747D0CF009A60D3 /* SurfaceShader.h */,
			);
			name = Shaders;
			sourceTree = "<group>";
		};
		5071D7101747A769009A60D3 /* Primitives */ = {
			isa = PBXGroup;
			children = (
				5071D7541747DB07009A60D3 /* Shapes */,
				5071D7471747D9B6009A60D3 /* Lights */,
				5071D7201747D0A4009A60D3 /* Light.cpp */,
				5071D7211747D0A4009A60D3 /* Light.h */,
				5071D7261747D0A4009A60D3 /* Shape.cpp */,
				5071D7271747D0A4009A60D3 /* Shape.h */,
			);
			name = Primitives;
			sourceTree = "<group>";
		};
		5071D7111747AC90009A60D3 /* Util */ = {
			isa = PBXGroup;
			children = (
				5071D7121747AC90009A60D3 /* Array1D.h */,
				5071D7131747AC90009A60D3 /* Array2D.h */,
				5071D7141747AC90009A60D3 /* Array3D.h */,
				5071D7151747AC90009A60D3 /* Array4D.h */,
				5071D7161747AC90009A60D3 /* Fwd.h */,
			);
			path = Util;
			sourceTree = "<group>";
		};
		5071D7471747D9B6009A60D3 /* Lights */ = {
			isa = PBXGroup;
			children = (
				5071D74B1747DAF7009A60D3 /* AreaLight.cpp */,
				5071D74C1747DAF7009A60D3 /* AreaLight.h */,
				5071D74D1747DAF7009A60D3 /* IsotropicPointLight.cpp */,
				5071D74E1747DAF7009A60D3 /* IsotropicPointLight.h */,
				5071D74F1747DAF7009A60D3 /* PointLight.cpp */,
				5071D7501747DAF7009A60D3 /* PointLight.h */,
			);
			name = Lights;
			sourceTree = "<group>";
		};
		5071D7541747DB07009A60D3 /* Shapes */ = {
			isa = PBXGroup;
			children = (
				5071D7551747DB1C009A60D3 /* Mesh.cpp */,
				5071D7561747DB1C009A60D3 /* Mesh.h */,
				5071D7571747DB1C009A60D3 /* Sphere.cpp */,
				5071D7581747DB1C009A60D3 /* Sphere.h */,
			);
			name = Shapes;
			sourceTree = "<group>";
		};
		50F7B9221726CFFC003F1FCE = {
			isa = PBXGroup;
			children = (
				502588DC1745878E0067F080 /* GLUT.framework */,
				50F7B9391726D0C9003F1FCE /* References */,
				50F7B92D1726CFFC003F1FCE /* RaytracerV3 */,
				50F7B92C1726CFFC003F1FCE /* Products */,
			);
			sourceTree = "<group>";
		};
		50F7B92C1726CFFC003F1FCE /* Products */ = {
			isa = PBXGroup;
			children = (
				50F7B92B1726CFFC003F1FCE /* RaytracerV3 */,
			);
			name = Products;
			sourceTree = "<group>";
		};
		50F7B92D1726CFFC003F1FCE /* RaytracerV3 */ = {
			isa = PBXGroup;
			children = (
				5071D7111747AC90009A60D3 /* Util */,
				5007E2541726EE2900D447B8 /* Platform */,
				5007E2461726EE1D00D447B8 /* OGL */,
				5007E2251726EE0F00D447B8 /* Math */,
				5007E2211726EE0800D447B8 /* Core */,
				50F7B92E1726CFFC003F1FCE /* main.cpp */,
				5071D6A817479F4E009A60D3 /* PhotonMapper.cpp */,
				5071D6A917479F4E009A60D3 /* PhotonMapper.h */,
				50F7B9301726CFFC003F1FCE /* RaytracerV3.1 */,
				50F7B93A1726D0EB003F1FCE /* platform_includes.h */,
				5044526F1726DCA300C4849B /* Window.cpp */,
				504452701726DCA300C4849B /* Window.h */,
				502588BE174576960067F080 /* RenderGL.cpp */,
				502588BF174576960067F080 /* RenderGL.h */,
				502588DE17458BA90067F080 /* SceneLoader.cpp */,
				502588DF17458BA90067F080 /* SceneLoader.h */,
			);
			path = RaytracerV3;
			sourceTree = "<group>";
		};
		50F7B9391726D0C9003F1FCE /* References */ = {
			isa = PBXGroup;
			children = (
				50F7B93D1726D1CE003F1FCE /* OpenGL.framework */,
				50F7B93B1726D1C8003F1FCE /* Cocoa.framework */,
				50F7B9371726D0C0003F1FCE /* libglfw.dylib */,
			);
			name = References;
			sourceTree = "<group>";
		};
/* End PBXGroup section */

/* Begin PBXNativeTarget section */
		50F7B92A1726CFFC003F1FCE /* RaytracerV3 */ = {
			isa = PBXNativeTarget;
			buildConfigurationList = 50F7B9341726CFFC003F1FCE /* Build configuration list for PBXNativeTarget "RaytracerV3" */;
			buildPhases = (
				5071D6C91747A1F4009A60D3 /* Sources */,
				50F7B9281726CFFC003F1FCE /* Frameworks */,
				50F7B9291726CFFC003F1FCE /* CopyFiles */,
			);
			buildRules = (
			);
			dependencies = (
			);
			name = RaytracerV3;
			productName = RaytracerV3;
			productReference = 50F7B92B1726CFFC003F1FCE /* RaytracerV3 */;
			productType = "com.apple.product-type.tool";
		};
/* End PBXNativeTarget section */

/* Begin PBXProject section */
		50F7B9231726CFFC003F1FCE /* Project object */ = {
			isa = PBXProject;
			attributes = {
				LastUpgradeCheck = 0460;
				ORGANIZATIONNAME = "Pascal Spörri";
			};
			buildConfigurationList = 50F7B9261726CFFC003F1FCE /* Build configuration list for PBXProject "RaytracerV3" */;
			compatibilityVersion = "Xcode 3.2";
			developmentRegion = English;
			hasScannedForEncodings = 0;
			knownRegions = (
				en,
			);
			mainGroup = 50F7B9221726CFFC003F1FCE;
			productRefGroup = 50F7B92C1726CFFC003F1FCE /* Products */;
			projectDirPath = "";
			projectRoot = "";
			targets = (
				50F7B92A1726CFFC003F1FCE /* RaytracerV3 */,
			);
		};
/* End PBXProject section */

/* Begin PBXSourcesBuildPhase section */
		5071D6C91747A1F4009A60D3 /* Sources */ = {
			isa = PBXSourcesBuildPhase;
			buildActionMask = 2147483647;
			files = (
				5071D6D21747A22C009A60D3 /* Obj.cpp in Sources */,
				5071D6D31747A22C009A60D3 /* RGBE.cpp in Sources */,
				5071D6D41747A22C009A60D3 /* Warp.cpp in Sources */,
				5071D6E01747A22C009A60D3 /* main.cpp in Sources */,
				5071D6E11747A22C009A60D3 /* PhotonMapper.cpp in Sources */,
				5071D6E21747A22C009A60D3 /* Window.cpp in Sources */,
				5071D6E31747A22C009A60D3 /* RenderGL.cpp in Sources */,
				5071D6E41747A22C009A60D3 /* SceneLoader.cpp in Sources */,
				5071D6CB1747A20D009A60D3 /* Stopwatch.cpp in Sources */,
				5071D6CC1747A20D009A60D3 /* Timestamp.cpp in Sources */,
				5071D6CD1747A20D009A60D3 /* FBO.cpp in Sources */,
				5071D6CE1747A20D009A60D3 /* Primitive.cpp in Sources */,
				5071D6CF1747A20D009A60D3 /* BBH.cpp in Sources */,
				5071D6D01747A20D009A60D3 /* Color.cpp in Sources */,
				5071D6D11747A20D009A60D3 /* MeshBase.cpp in Sources */,
				5071D6CA1747A1FE009A60D3 /* Progress.cpp in Sources */,
				5071D71C1747CE0F009A60D3 /* PhotonMap.cpp in Sources */,
				5071D71F1747CF5A009A60D3 /* PhotonSource.cpp in Sources */,
				5071D72A1747D0A4009A60D3 /* Light.cpp in Sources */,
				5071D72D1747D0A4009A60D3 /* Shape.cpp in Sources */,
				5071D7331747D0CF009A60D3 /* LambertShader.cpp in Sources */,
				5071D7341747D0CF009A60D3 /* SurfaceShader.cpp in Sources */,
				5071D73F1747D10B009A60D3 /* Camera.cpp in Sources */,
				5071D7401747D10B009A60D3 /* HitInfo.cpp in Sources */,
				5071D7411747D10B009A60D3 /* Ray.cpp in Sources */,
				5071D7421747D10B009A60D3 /* Renderer.cpp in Sources */,
				5071D7431747D10B009A60D3 /* Scene.cpp in Sources */,
				5071D7511747DAF7009A60D3 /* AreaLight.cpp in Sources */,
				5071D7521747DAF7009A60D3 /* IsotropicPointLight.cpp in Sources */,
				5071D7531747DAF7009A60D3 /* PointLight.cpp in Sources */,
				5071D7591747DB1C009A60D3 /* Mesh.cpp in Sources */,
				5071D75A1747DB1C009A60D3 /* Sphere.cpp in Sources */,
				5071D75F1747DE07009A60D3 /* SpecularDielectricShader.cpp in Sources */,
				5071D7601747DE07009A60D3 /* SpecularMirrorShader.cpp in Sources */,
			);
			runOnlyForDeploymentPostprocessing = 0;
		};
/* End PBXSourcesBuildPhase section */

/* Begin XCBuildConfiguration section */
		50F7B9321726CFFC003F1FCE /* Debug */ = {
			isa = XCBuildConfiguration;
			buildSettings = {
				ALWAYS_SEARCH_USER_PATHS = NO;
				ARCHS = "$(ARCHS_STANDARD_64_BIT)";
				CLANG_CXX_LANGUAGE_STANDARD = "gnu++0x";
				CLANG_CXX_LIBRARY = "libc++";
				CLANG_WARN_CONSTANT_CONVERSION = YES;
				CLANG_WARN_EMPTY_BODY = YES;
				CLANG_WARN_ENUM_CONVERSION = YES;
				CLANG_WARN_INT_CONVERSION = YES;
				CLANG_WARN__DUPLICATE_METHOD_MATCH = YES;
				COPY_PHASE_STRIP = NO;
				GCC_C_LANGUAGE_STANDARD = gnu99;
				GCC_DYNAMIC_NO_PIC = NO;
				GCC_ENABLE_OBJC_EXCEPTIONS = YES;
				GCC_OPTIMIZATION_LEVEL = 0;
				GCC_PREPROCESSOR_DEFINITIONS = (
					"DEBUG=1",
					"$(inherited)",
				);
				GCC_SYMBOLS_PRIVATE_EXTERN = NO;
				GCC_WARN_64_TO_32_BIT_CONVERSION = YES;
				GCC_WARN_ABOUT_RETURN_TYPE = YES;
				GCC_WARN_UNINITIALIZED_AUTOS = YES;
				GCC_WARN_UNUSED_VARIABLE = YES;
				MACOSX_DEPLOYMENT_TARGET = 10.8;
				ONLY_ACTIVE_ARCH = YES;
				SDKROOT = macosx;
			};
			name = Debug;
		};
		50F7B9331726CFFC003F1FCE /* Release */ = {
			isa = XCBuildConfiguration;
			buildSettings = {
				ALWAYS_SEARCH_USER_PATHS = NO;
				ARCHS = "$(ARCHS_STANDARD_64_BIT)";
				CLANG_CXX_LANGUAGE_STANDARD = "gnu++0x";
				CLANG_CXX_LIBRARY = "libc++";
				CLANG_WARN_CONSTANT_CONVERSION = YES;
				CLANG_WARN_EMPTY_BODY = YES;
				CLANG_WARN_ENUM_CONVERSION = YES;
				CLANG_WARN_INT_CONVERSION = YES;
				CLANG_WARN__DUPLICATE_METHOD_MATCH = YES;
				COPY_PHASE_STRIP = YES;
				DEBUG_INFORMATION_FORMAT = "dwarf-with-dsym";
				GCC_C_LANGUAGE_STANDARD = gnu99;
				GCC_ENABLE_OBJC_EXCEPTIONS = YES;
				GCC_WARN_64_TO_32_BIT_CONVERSION = YES;
				GCC_WARN_ABOUT_RETURN_TYPE = YES;
				GCC_WARN_UNINITIALIZED_AUTOS = YES;
				GCC_WARN_UNUSED_VARIABLE = YES;
				MACOSX_DEPLOYMENT_TARGET = 10.8;
				SDKROOT = macosx;
			};
			name = Release;
		};
		50F7B9351726CFFC003F1FCE /* Debug */ = {
			isa = XCBuildConfiguration;
			buildSettings = {
				HEADER_SEARCH_PATHS = (
					/usr/local/include/,
					RaytracerV3/,
					"RaytracerV3/Core/**",
				);
				LIBRARY_SEARCH_PATHS = (
					"$(inherited)",
					/usr/local/Cellar/glfw/2.7.7/lib,
				);
				PRODUCT_NAME = "$(TARGET_NAME)";
			};
			name = Debug;
		};
		50F7B9361726CFFC003F1FCE /* Release */ = {
			isa = XCBuildConfiguration;
			buildSettings = {
				HEADER_SEARCH_PATHS = (
					/usr/local/include/,
					RaytracerV3/,
					"RaytracerV3/Core/**",
				);
				LIBRARY_SEARCH_PATHS = (
					"$(inherited)",
					/usr/local/Cellar/glfw/2.7.7/lib,
				);
				PRODUCT_NAME = "$(TARGET_NAME)";
			};
			name = Release;
		};
/* End XCBuildConfiguration section */

/* Begin XCConfigurationList section */
		50F7B9261726CFFC003F1FCE /* Build configuration list for PBXProject "RaytracerV3" */ = {
			isa = XCConfigurationList;
			buildConfigurations = (
				50F7B9321726CFFC003F1FCE /* Debug */,
				50F7B9331726CFFC003F1FCE /* Release */,
			);
			defaultConfigurationIsVisible = 0;
			defaultConfigurationName = Release;
		};
		50F7B9341726CFFC003F1FCE /* Build configuration list for PBXNativeTarget "RaytracerV3" */ = {
			isa = XCConfigurationList;
			buildConfigurations = (
				50F7B9351726CFFC003F1FCE /* Debug */,
				50F7B9361726CFFC003F1FCE /* Release */,
			);
			defaultConfigurationIsVisible = 0;
			defaultConfigurationName = Release;
		};
/* End XCConfigurationList section */
	};
	rootObject = 50F7B9231726CFFC003F1FCE /* Project object */;
}
