// !$*UTF8*$!
{
	archiveVersion = 1;
	classes = {
	};
	objectVersion = 46;
	objects = {

/* Begin PBXBuildFile section */
		5044522C1726D40900C4849B /* FBO.cpp in Sources */ = {isa = PBXBuildFile; fileRef = 504452201726D40900C4849B /* FBO.cpp */; };
		5044522D1726D40900C4849B /* GfxGLUTWindow.cpp in Sources */ = {isa = PBXBuildFile; fileRef = 504452221726D40900C4849B /* GfxGLUTWindow.cpp */; };
		5044522E1726D40900C4849B /* GLUTMaster.cpp in Sources */ = {isa = PBXBuildFile; fileRef = 504452241726D40900C4849B /* GLUTMaster.cpp */; };
		5044522F1726D40900C4849B /* GLUTWindow.cpp in Sources */ = {isa = PBXBuildFile; fileRef = 504452261726D40900C4849B /* GLUTWindow.cpp */; };
		504452301726D40900C4849B /* Primitive.cpp in Sources */ = {isa = PBXBuildFile; fileRef = 504452281726D40900C4849B /* Primitive.cpp */; };
		504452311726D40900C4849B /* Text.cpp in Sources */ = {isa = PBXBuildFile; fileRef = 5044522A1726D40900C4849B /* Text.cpp */; };
		5044524D1726D59100C4849B /* BBH.cpp in Sources */ = {isa = PBXBuildFile; fileRef = 504452331726D59100C4849B /* BBH.cpp */; };
		5044524E1726D59100C4849B /* Color.cpp in Sources */ = {isa = PBXBuildFile; fileRef = 504452361726D59100C4849B /* Color.cpp */; };
		5044524F1726D59100C4849B /* MeshBase.cpp in Sources */ = {isa = PBXBuildFile; fileRef = 504452411726D59100C4849B /* MeshBase.cpp */; };
		504452501726D59100C4849B /* Obj.cpp in Sources */ = {isa = PBXBuildFile; fileRef = 504452431726D59100C4849B /* Obj.cpp */; };
		504452511726D59100C4849B /* RGBE.cpp in Sources */ = {isa = PBXBuildFile; fileRef = 504452461726D59100C4849B /* RGBE.cpp */; };
		504452521726D59100C4849B /* Warp.cpp in Sources */ = {isa = PBXBuildFile; fileRef = 5044524B1726D59100C4849B /* Warp.cpp */; };
		50F7B92F1726CFFC003F1FCE /* main.cpp in Sources */ = {isa = PBXBuildFile; fileRef = 50F7B92E1726CFFC003F1FCE /* main.cpp */; };
		50F7B9311726CFFC003F1FCE /* RaytracerV3.1 in CopyFiles */ = {isa = PBXBuildFile; fileRef = 50F7B9301726CFFC003F1FCE /* RaytracerV3.1 */; };
		50F7B9381726D0C0003F1FCE /* libglfw.dylib in Frameworks */ = {isa = PBXBuildFile; fileRef = 50F7B9371726D0C0003F1FCE /* libglfw.dylib */; };
		50F7B93C1726D1C8003F1FCE /* Cocoa.framework in Frameworks */ = {isa = PBXBuildFile; fileRef = 50F7B93B1726D1C8003F1FCE /* Cocoa.framework */; };
		50F7B93E1726D1CE003F1FCE /* OpenGL.framework in Frameworks */ = {isa = PBXBuildFile; fileRef = 50F7B93D1726D1CE003F1FCE /* OpenGL.framework */; };
/* End PBXBuildFile section */

/* Begin PBXCopyFilesBuildPhase section */
		50F7B9291726CFFC003F1FCE /* CopyFiles */ = {
			isa = PBXCopyFilesBuildPhase;
			buildActionMask = 2147483647;
			dstPath = /usr/share/man/man1/;
			dstSubfolderSpec = 0;
			files = (
				50F7B9311726CFFC003F1FCE /* RaytracerV3.1 in CopyFiles */,
			);
			runOnlyForDeploymentPostprocessing = 1;
		};
/* End PBXCopyFilesBuildPhase section */

/* Begin PBXFileReference section */
		5044521F1726D40900C4849B /* Core.h */ = {isa = PBXFileReference; fileEncoding = 4; lastKnownFileType = sourcecode.c.h; path = Core.h; sourceTree = "<group>"; };
		504452201726D40900C4849B /* FBO.cpp */ = {isa = PBXFileReference; fileEncoding = 4; lastKnownFileType = sourcecode.cpp.cpp; path = FBO.cpp; sourceTree = "<group>"; };
		504452211726D40900C4849B /* FBO.h */ = {isa = PBXFileReference; fileEncoding = 4; lastKnownFileType = sourcecode.c.h; path = FBO.h; sourceTree = "<group>"; };
		504452221726D40900C4849B /* GfxGLUTWindow.cpp */ = {isa = PBXFileReference; fileEncoding = 4; lastKnownFileType = sourcecode.cpp.cpp; path = GfxGLUTWindow.cpp; sourceTree = "<group>"; };
		504452231726D40900C4849B /* GfxGLUTWindow.h */ = {isa = PBXFileReference; fileEncoding = 4; lastKnownFileType = sourcecode.c.h; path = GfxGLUTWindow.h; sourceTree = "<group>"; };
		504452241726D40900C4849B /* GLUTMaster.cpp */ = {isa = PBXFileReference; fileEncoding = 4; lastKnownFileType = sourcecode.cpp.cpp; path = GLUTMaster.cpp; sourceTree = "<group>"; };
		504452251726D40900C4849B /* GLUTMaster.h */ = {isa = PBXFileReference; fileEncoding = 4; lastKnownFileType = sourcecode.c.h; path = GLUTMaster.h; sourceTree = "<group>"; };
		504452261726D40900C4849B /* GLUTWindow.cpp */ = {isa = PBXFileReference; fileEncoding = 4; lastKnownFileType = sourcecode.cpp.cpp; path = GLUTWindow.cpp; sourceTree = "<group>"; };
		504452271726D40900C4849B /* GLUTWindow.h */ = {isa = PBXFileReference; fileEncoding = 4; lastKnownFileType = sourcecode.c.h; path = GLUTWindow.h; sourceTree = "<group>"; };
		504452281726D40900C4849B /* Primitive.cpp */ = {isa = PBXFileReference; fileEncoding = 4; lastKnownFileType = sourcecode.cpp.cpp; path = Primitive.cpp; sourceTree = "<group>"; };
		504452291726D40900C4849B /* Primitive.h */ = {isa = PBXFileReference; fileEncoding = 4; lastKnownFileType = sourcecode.c.h; path = Primitive.h; sourceTree = "<group>"; };
		5044522A1726D40900C4849B /* Text.cpp */ = {isa = PBXFileReference; fileEncoding = 4; lastKnownFileType = sourcecode.cpp.cpp; path = Text.cpp; sourceTree = "<group>"; };
		5044522B1726D40900C4849B /* Text.h */ = {isa = PBXFileReference; fileEncoding = 4; lastKnownFileType = sourcecode.c.h; path = Text.h; sourceTree = "<group>"; };
		504452331726D59100C4849B /* BBH.cpp */ = {isa = PBXFileReference; fileEncoding = 4; lastKnownFileType = sourcecode.cpp.cpp; path = BBH.cpp; sourceTree = "<group>"; };
		504452341726D59100C4849B /* BBH.h */ = {isa = PBXFileReference; fileEncoding = 4; lastKnownFileType = sourcecode.c.h; path = BBH.h; sourceTree = "<group>"; };
		504452351726D59100C4849B /* Box.h */ = {isa = PBXFileReference; fileEncoding = 4; lastKnownFileType = sourcecode.c.h; path = Box.h; sourceTree = "<group>"; };
		504452361726D59100C4849B /* Color.cpp */ = {isa = PBXFileReference; fileEncoding = 4; lastKnownFileType = sourcecode.cpp.cpp; path = Color.cpp; sourceTree = "<group>"; };
		504452371726D59100C4849B /* Color.h */ = {isa = PBXFileReference; fileEncoding = 4; lastKnownFileType = sourcecode.c.h; path = Color.h; sourceTree = "<group>"; };
		504452381726D59100C4849B /* Core.h */ = {isa = PBXFileReference; fileEncoding = 4; lastKnownFileType = sourcecode.c.h; path = Core.h; sourceTree = "<group>"; };
		504452391726D59100C4849B /* FastMath.h */ = {isa = PBXFileReference; fileEncoding = 4; lastKnownFileType = sourcecode.c.h; path = FastMath.h; sourceTree = "<group>"; };
		5044523A1726D59100C4849B /* Fwd.h */ = {isa = PBXFileReference; fileEncoding = 4; lastKnownFileType = sourcecode.c.h; path = Fwd.h; sourceTree = "<group>"; };
		5044523B1726D59100C4849B /* LimitsT.h */ = {isa = PBXFileReference; fileEncoding = 4; lastKnownFileType = sourcecode.c.h; path = LimitsT.h; sourceTree = "<group>"; };
		5044523C1726D59100C4849B /* Line.h */ = {isa = PBXFileReference; fileEncoding = 4; lastKnownFileType = sourcecode.c.h; path = Line.h; sourceTree = "<group>"; };
		5044523D1726D59100C4849B /* LineAlgo.h */ = {isa = PBXFileReference; fileEncoding = 4; lastKnownFileType = sourcecode.c.h; path = LineAlgo.h; sourceTree = "<group>"; };
		5044523E1726D59100C4849B /* Mat44.h */ = {isa = PBXFileReference; fileEncoding = 4; lastKnownFileType = sourcecode.c.h; path = Mat44.h; sourceTree = "<group>"; };
		5044523F1726D59100C4849B /* MathGL.h */ = {isa = PBXFileReference; fileEncoding = 4; lastKnownFileType = sourcecode.c.h; path = MathGL.h; sourceTree = "<group>"; };
		504452401726D59100C4849B /* MathT.h */ = {isa = PBXFileReference; fileEncoding = 4; lastKnownFileType = sourcecode.c.h; path = MathT.h; sourceTree = "<group>"; };
		504452411726D59100C4849B /* MeshBase.cpp */ = {isa = PBXFileReference; fileEncoding = 4; lastKnownFileType = sourcecode.cpp.cpp; path = MeshBase.cpp; sourceTree = "<group>"; };
		504452421726D59100C4849B /* MeshBase.h */ = {isa = PBXFileReference; fileEncoding = 4; lastKnownFileType = sourcecode.c.h; path = MeshBase.h; sourceTree = "<group>"; };
		504452431726D59100C4849B /* Obj.cpp */ = {isa = PBXFileReference; fileEncoding = 4; lastKnownFileType = sourcecode.cpp.cpp; path = Obj.cpp; sourceTree = "<group>"; };
		504452441726D59100C4849B /* Obj.h */ = {isa = PBXFileReference; fileEncoding = 4; lastKnownFileType = sourcecode.c.h; path = Obj.h; sourceTree = "<group>"; };
		504452451726D59100C4849B /* Rand.h */ = {isa = PBXFileReference; fileEncoding = 4; lastKnownFileType = sourcecode.c.h; path = Rand.h; sourceTree = "<group>"; };
		504452461726D59100C4849B /* RGBE.cpp */ = {isa = PBXFileReference; fileEncoding = 4; lastKnownFileType = sourcecode.cpp.cpp; path = RGBE.cpp; sourceTree = "<group>"; };
		504452471726D59100C4849B /* RGBE.h */ = {isa = PBXFileReference; fileEncoding = 4; lastKnownFileType = sourcecode.c.h; path = RGBE.h; sourceTree = "<group>"; };
		504452481726D59100C4849B /* Vec2.h */ = {isa = PBXFileReference; fileEncoding = 4; lastKnownFileType = sourcecode.c.h; path = Vec2.h; sourceTree = "<group>"; };
		504452491726D59100C4849B /* Vec3.h */ = {isa = PBXFileReference; fileEncoding = 4; lastKnownFileType = sourcecode.c.h; path = Vec3.h; sourceTree = "<group>"; };
		5044524A1726D59100C4849B /* Vec4.h */ = {isa = PBXFileReference; fileEncoding = 4; lastKnownFileType = sourcecode.c.h; path = Vec4.h; sourceTree = "<group>"; };
		5044524B1726D59100C4849B /* Warp.cpp */ = {isa = PBXFileReference; fileEncoding = 4; lastKnownFileType = sourcecode.cpp.cpp; path = Warp.cpp; sourceTree = "<group>"; };
		5044524C1726D59100C4849B /* Warp.h */ = {isa = PBXFileReference; fileEncoding = 4; lastKnownFileType = sourcecode.c.h; path = Warp.h; sourceTree = "<group>"; };
		50F7B92B1726CFFC003F1FCE /* RaytracerV3 */ = {isa = PBXFileReference; explicitFileType = "compiled.mach-o.executable"; includeInIndex = 0; path = RaytracerV3; sourceTree = BUILT_PRODUCTS_DIR; };
		50F7B92E1726CFFC003F1FCE /* main.cpp */ = {isa = PBXFileReference; lastKnownFileType = sourcecode.cpp.cpp; path = main.cpp; sourceTree = "<group>"; };
		50F7B9301726CFFC003F1FCE /* RaytracerV3.1 */ = {isa = PBXFileReference; lastKnownFileType = text.man; path = RaytracerV3.1; sourceTree = "<group>"; };
		50F7B9371726D0C0003F1FCE /* libglfw.dylib */ = {isa = PBXFileReference; lastKnownFileType = "compiled.mach-o.dylib"; name = libglfw.dylib; path = /usr/local/Cellar/glfw/2.7.7/lib/libglfw.dylib; sourceTree = "<absolute>"; };
		50F7B93A1726D0EB003F1FCE /* platform_includes.h */ = {isa = PBXFileReference; fileEncoding = 4; lastKnownFileType = sourcecode.c.h; path = platform_includes.h; sourceTree = "<group>"; };
		50F7B93B1726D1C8003F1FCE /* Cocoa.framework */ = {isa = PBXFileReference; lastKnownFileType = wrapper.framework; name = Cocoa.framework; path = System/Library/Frameworks/Cocoa.framework; sourceTree = SDKROOT; };
		50F7B93D1726D1CE003F1FCE /* OpenGL.framework */ = {isa = PBXFileReference; lastKnownFileType = wrapper.framework; name = OpenGL.framework; path = System/Library/Frameworks/OpenGL.framework; sourceTree = SDKROOT; };
/* End PBXFileReference section */

/* Begin PBXFrameworksBuildPhase section */
		50F7B9281726CFFC003F1FCE /* Frameworks */ = {
			isa = PBXFrameworksBuildPhase;
			buildActionMask = 2147483647;
			files = (
				50F7B93E1726D1CE003F1FCE /* OpenGL.framework in Frameworks */,
				50F7B93C1726D1C8003F1FCE /* Cocoa.framework in Frameworks */,
				50F7B9381726D0C0003F1FCE /* libglfw.dylib in Frameworks */,
			);
			runOnlyForDeploymentPostprocessing = 0;
		};
/* End PBXFrameworksBuildPhase section */

/* Begin PBXGroup section */
		5044521E1726D40900C4849B /* OGL */ = {
			isa = PBXGroup;
			children = (
				5044521F1726D40900C4849B /* Core.h */,
				504452201726D40900C4849B /* FBO.cpp */,
				504452211726D40900C4849B /* FBO.h */,
				504452221726D40900C4849B /* GfxGLUTWindow.cpp */,
				504452231726D40900C4849B /* GfxGLUTWindow.h */,
				504452241726D40900C4849B /* GLUTMaster.cpp */,
				504452251726D40900C4849B /* GLUTMaster.h */,
				504452261726D40900C4849B /* GLUTWindow.cpp */,
				504452271726D40900C4849B /* GLUTWindow.h */,
				504452281726D40900C4849B /* Primitive.cpp */,
				504452291726D40900C4849B /* Primitive.h */,
				5044522A1726D40900C4849B /* Text.cpp */,
				5044522B1726D40900C4849B /* Text.h */,
			);
			path = OGL;
			sourceTree = "<group>";
		};
		504452321726D59100C4849B /* Math */ = {
			isa = PBXGroup;
			children = (
				504452331726D59100C4849B /* BBH.cpp */,
				504452341726D59100C4849B /* BBH.h */,
				504452351726D59100C4849B /* Box.h */,
				504452361726D59100C4849B /* Color.cpp */,
				504452371726D59100C4849B /* Color.h */,
				504452381726D59100C4849B /* Core.h */,
				504452391726D59100C4849B /* FastMath.h */,
				5044523A1726D59100C4849B /* Fwd.h */,
				5044523B1726D59100C4849B /* LimitsT.h */,
				5044523C1726D59100C4849B /* Line.h */,
				5044523D1726D59100C4849B /* LineAlgo.h */,
				5044523E1726D59100C4849B /* Mat44.h */,
				5044523F1726D59100C4849B /* MathGL.h */,
				504452401726D59100C4849B /* MathT.h */,
				504452411726D59100C4849B /* MeshBase.cpp */,
				504452421726D59100C4849B /* MeshBase.h */,
				504452431726D59100C4849B /* Obj.cpp */,
				504452441726D59100C4849B /* Obj.h */,
				504452451726D59100C4849B /* Rand.h */,
				504452461726D59100C4849B /* RGBE.cpp */,
				504452471726D59100C4849B /* RGBE.h */,
				504452481726D59100C4849B /* Vec2.h */,
				504452491726D59100C4849B /* Vec3.h */,
				5044524A1726D59100C4849B /* Vec4.h */,
				5044524B1726D59100C4849B /* Warp.cpp */,
				5044524C1726D59100C4849B /* Warp.h */,
			);
			path = Math;
			sourceTree = "<group>";
		};
		50F7B9221726CFFC003F1FCE = {
			isa = PBXGroup;
			children = (
				50F7B9391726D0C9003F1FCE /* References */,
				50F7B92D1726CFFC003F1FCE /* RaytracerV3 */,
				50F7B92C1726CFFC003F1FCE /* Products */,
			);
			sourceTree = "<group>";
		};
		50F7B92C1726CFFC003F1FCE /* Products */ = {
			isa = PBXGroup;
			children = (
				50F7B92B1726CFFC003F1FCE /* RaytracerV3 */,
			);
			name = Products;
			sourceTree = "<group>";
		};
		50F7B92D1726CFFC003F1FCE /* RaytracerV3 */ = {
			isa = PBXGroup;
			children = (
				504452321726D59100C4849B /* Math */,
				5044521E1726D40900C4849B /* OGL */,
				50F7B92E1726CFFC003F1FCE /* main.cpp */,
				50F7B9301726CFFC003F1FCE /* RaytracerV3.1 */,
				50F7B93A1726D0EB003F1FCE /* platform_includes.h */,
			);
			path = RaytracerV3;
			sourceTree = "<group>";
		};
		50F7B9391726D0C9003F1FCE /* References */ = {
			isa = PBXGroup;
			children = (
				50F7B93D1726D1CE003F1FCE /* OpenGL.framework */,
				50F7B93B1726D1C8003F1FCE /* Cocoa.framework */,
				50F7B9371726D0C0003F1FCE /* libglfw.dylib */,
			);
			name = References;
			sourceTree = "<group>";
		};
/* End PBXGroup section */

/* Begin PBXNativeTarget section */
		50F7B92A1726CFFC003F1FCE /* RaytracerV3 */ = {
			isa = PBXNativeTarget;
			buildConfigurationList = 50F7B9341726CFFC003F1FCE /* Build configuration list for PBXNativeTarget "RaytracerV3" */;
			buildPhases = (
				50F7B9271726CFFC003F1FCE /* Sources */,
				50F7B9281726CFFC003F1FCE /* Frameworks */,
				50F7B9291726CFFC003F1FCE /* CopyFiles */,
			);
			buildRules = (
			);
			dependencies = (
			);
			name = RaytracerV3;
			productName = RaytracerV3;
			productReference = 50F7B92B1726CFFC003F1FCE /* RaytracerV3 */;
			productType = "com.apple.product-type.tool";
		};
/* End PBXNativeTarget section */

/* Begin PBXProject section */
		50F7B9231726CFFC003F1FCE /* Project object */ = {
			isa = PBXProject;
			attributes = {
				LastUpgradeCheck = 0460;
				ORGANIZATIONNAME = "Pascal Spörri";
			};
			buildConfigurationList = 50F7B9261726CFFC003F1FCE /* Build configuration list for PBXProject "RaytracerV3" */;
			compatibilityVersion = "Xcode 3.2";
			developmentRegion = English;
			hasScannedForEncodings = 0;
			knownRegions = (
				en,
			);
			mainGroup = 50F7B9221726CFFC003F1FCE;
			productRefGroup = 50F7B92C1726CFFC003F1FCE /* Products */;
			projectDirPath = "";
			projectRoot = "";
			targets = (
				50F7B92A1726CFFC003F1FCE /* RaytracerV3 */,
			);
		};
/* End PBXProject section */

/* Begin PBXSourcesBuildPhase section */
		50F7B9271726CFFC003F1FCE /* Sources */ = {
			isa = PBXSourcesBuildPhase;
			buildActionMask = 2147483647;
			files = (
				50F7B92F1726CFFC003F1FCE /* main.cpp in Sources */,
				5044522C1726D40900C4849B /* FBO.cpp in Sources */,
				5044522D1726D40900C4849B /* GfxGLUTWindow.cpp in Sources */,
				5044522E1726D40900C4849B /* GLUTMaster.cpp in Sources */,
				5044522F1726D40900C4849B /* GLUTWindow.cpp in Sources */,
				504452301726D40900C4849B /* Primitive.cpp in Sources */,
				504452311726D40900C4849B /* Text.cpp in Sources */,
				5044524D1726D59100C4849B /* BBH.cpp in Sources */,
				5044524E1726D59100C4849B /* Color.cpp in Sources */,
				5044524F1726D59100C4849B /* MeshBase.cpp in Sources */,
				504452501726D59100C4849B /* Obj.cpp in Sources */,
				504452511726D59100C4849B /* RGBE.cpp in Sources */,
				504452521726D59100C4849B /* Warp.cpp in Sources */,
			);
			runOnlyForDeploymentPostprocessing = 0;
		};
/* End PBXSourcesBuildPhase section */

/* Begin XCBuildConfiguration section */
		50F7B9321726CFFC003F1FCE /* Debug */ = {
			isa = XCBuildConfiguration;
			buildSettings = {
				ALWAYS_SEARCH_USER_PATHS = NO;
				ARCHS = "$(ARCHS_STANDARD_64_BIT)";
				CLANG_CXX_LANGUAGE_STANDARD = "gnu++0x";
				CLANG_CXX_LIBRARY = "libc++";
				CLANG_WARN_CONSTANT_CONVERSION = YES;
				CLANG_WARN_EMPTY_BODY = YES;
				CLANG_WARN_ENUM_CONVERSION = YES;
				CLANG_WARN_INT_CONVERSION = YES;
				CLANG_WARN__DUPLICATE_METHOD_MATCH = YES;
				COPY_PHASE_STRIP = NO;
				GCC_C_LANGUAGE_STANDARD = gnu99;
				GCC_DYNAMIC_NO_PIC = NO;
				GCC_ENABLE_OBJC_EXCEPTIONS = YES;
				GCC_OPTIMIZATION_LEVEL = 0;
				GCC_PREPROCESSOR_DEFINITIONS = (
					"DEBUG=1",
					"$(inherited)",
				);
				GCC_SYMBOLS_PRIVATE_EXTERN = NO;
				GCC_WARN_64_TO_32_BIT_CONVERSION = YES;
				GCC_WARN_ABOUT_RETURN_TYPE = YES;
				GCC_WARN_UNINITIALIZED_AUTOS = YES;
				GCC_WARN_UNUSED_VARIABLE = YES;
				MACOSX_DEPLOYMENT_TARGET = 10.8;
				ONLY_ACTIVE_ARCH = YES;
				SDKROOT = macosx;
			};
			name = Debug;
		};
		50F7B9331726CFFC003F1FCE /* Release */ = {
			isa = XCBuildConfiguration;
			buildSettings = {
				ALWAYS_SEARCH_USER_PATHS = NO;
				ARCHS = "$(ARCHS_STANDARD_64_BIT)";
				CLANG_CXX_LANGUAGE_STANDARD = "gnu++0x";
				CLANG_CXX_LIBRARY = "libc++";
				CLANG_WARN_CONSTANT_CONVERSION = YES;
				CLANG_WARN_EMPTY_BODY = YES;
				CLANG_WARN_ENUM_CONVERSION = YES;
				CLANG_WARN_INT_CONVERSION = YES;
				CLANG_WARN__DUPLICATE_METHOD_MATCH = YES;
				COPY_PHASE_STRIP = YES;
				DEBUG_INFORMATION_FORMAT = "dwarf-with-dsym";
				GCC_C_LANGUAGE_STANDARD = gnu99;
				GCC_ENABLE_OBJC_EXCEPTIONS = YES;
				GCC_WARN_64_TO_32_BIT_CONVERSION = YES;
				GCC_WARN_ABOUT_RETURN_TYPE = YES;
				GCC_WARN_UNINITIALIZED_AUTOS = YES;
				GCC_WARN_UNUSED_VARIABLE = YES;
				MACOSX_DEPLOYMENT_TARGET = 10.8;
				SDKROOT = macosx;
			};
			name = Release;
		};
		50F7B9351726CFFC003F1FCE /* Debug */ = {
			isa = XCBuildConfiguration;
			buildSettings = {
				HEADER_SEARCH_PATHS = /usr/local/include/;
				LIBRARY_SEARCH_PATHS = (
					"$(inherited)",
					/usr/local/Cellar/glfw/2.7.7/lib,
				);
				PRODUCT_NAME = "$(TARGET_NAME)";
			};
			name = Debug;
		};
		50F7B9361726CFFC003F1FCE /* Release */ = {
			isa = XCBuildConfiguration;
			buildSettings = {
				HEADER_SEARCH_PATHS = /usr/local/include/;
				LIBRARY_SEARCH_PATHS = (
					"$(inherited)",
					/usr/local/Cellar/glfw/2.7.7/lib,
				);
				PRODUCT_NAME = "$(TARGET_NAME)";
			};
			name = Release;
		};
/* End XCBuildConfiguration section */

/* Begin XCConfigurationList section */
		50F7B9261726CFFC003F1FCE /* Build configuration list for PBXProject "RaytracerV3" */ = {
			isa = XCConfigurationList;
			buildConfigurations = (
				50F7B9321726CFFC003F1FCE /* Debug */,
				50F7B9331726CFFC003F1FCE /* Release */,
			);
			defaultConfigurationIsVisible = 0;
			defaultConfigurationName = Release;
		};
		50F7B9341726CFFC003F1FCE /* Build configuration list for PBXNativeTarget "RaytracerV3" */ = {
			isa = XCConfigurationList;
			buildConfigurations = (
				50F7B9351726CFFC003F1FCE /* Debug */,
				50F7B9361726CFFC003F1FCE /* Release */,
			);
			defaultConfigurationIsVisible = 0;
			defaultConfigurationName = Release;
		};
/* End XCConfigurationList section */
	};
	rootObject = 50F7B9231726CFFC003F1FCE /* Project object */;
}
